
Microsoft Visual Studio Solution File, Format Version 12.00
# Visual Studio Version 16
VisualStudioVersion = 16.0.31112.23
MinimumVisualStudioVersion = 10.0.40219.1
Project("{FAE04EC0-301F-11D3-BF4B-00C04F79EFBC}") = "P0030482021022", "P0030482021022\P0030482021022.csproj", "{B860CFC3-F898-48BE-B37C-F7FC737D951E}"
EndProject
Global
	GlobalSection(SolutionConfigurationPlatforms) = preSolution
		Debug|Any CPU = Debug|Any CPU
		Release|Any CPU = Release|Any CPU
	EndGlobalSection
	GlobalSection(ProjectConfigurationPlatforms) = postSolution
		{B860CFC3-F898-48BE-B37C-F7FC737D951E}.Debug|Any CPU.ActiveCfg = Debug|Any CPU
		{B860CFC3-F898-48BE-B37C-F7FC737D951E}.Debug|Any CPU.Build.0 = Debug|Any CPU
		{B860CFC3-F898-48BE-B37C-F7FC737D951E}.Release|Any CPU.ActiveCfg = Release|Any CPU
		{B860CFC3-F898-48BE-B37C-F7FC737D951E}.Release|Any CPU.Build.0 = Release|Any CPU
	EndGlobalSection
	GlobalSection(SolutionProperties) = preSolution
		HideSolutionNode = FALSE
	EndGlobalSection
	GlobalSection(ExtensibilityGlobals) = postSolution
		SolutionGuid = {842CE482-AAC3-42C8-956E-760AA08CE428}
	EndGlobalSection
EndGlobal
